
Microsoft Visual Studio Solution File, Format Version 12.00
# Visual Studio 14
VisualStudioVersion = 14.0.25420.1
MinimumVisualStudioVersion = 10.0.40219.1
Project("{2150E333-8FDC-42A3-9474-1A3956D46DE8}") = "javascripts", "javascripts", "{BD9DC0A3-41C7-436F-BC98-E301383B9129}"
	ProjectSection(SolutionItems) = preProject
		..\..\..\..\Desktop\JavaScript\JQuery\jquery-3.2.1.min.js = ..\..\..\..\Desktop\JavaScript\JQuery\jquery-3.2.1.min.js
	EndProjectSection
EndProject
Project("{2150E333-8FDC-42A3-9474-1A3956D46DE8}") = "css", "css", "{695F15A1-A851-4BCF-9CF8-9B2850175CCB}"
EndProject
Project("{2150E333-8FDC-42A3-9474-1A3956D46DE8}") = "htmlPages", "htmlPages", "{32B287DC-3997-4B3E-8014-0EC5BF3B82E3}"
EndProject
Global
	GlobalSection(SolutionProperties) = preSolution
		HideSolutionNode = FALSE
	EndGlobalSection
EndGlobal
